
Microsoft Visual Studio Solution File, Format Version 12.00
# Visual Studio 15
VisualStudioVersion = 15.0.28010.2046
MinimumVisualStudioVersion = 10.0.40219.1
Project("{F184B08F-C81C-45F6-A57F-5ABD9991F28F}") = "Magui", "Magui\Magui.vbproj", "{BA9C278D-41B3-4F3C-B9A7-706CCFBF17C9}"
EndProject
Global
	GlobalSection(SolutionConfigurationPlatforms) = preSolution
		Debug|Any CPU = Debug|Any CPU
		Release|Any CPU = Release|Any CPU
	EndGlobalSection
	GlobalSection(ProjectConfigurationPlatforms) = postSolution
		{BA9C278D-41B3-4F3C-B9A7-706CCFBF17C9}.Debug|Any CPU.ActiveCfg = Debug|Any CPU
		{BA9C278D-41B3-4F3C-B9A7-706CCFBF17C9}.Debug|Any CPU.Build.0 = Debug|Any CPU
		{BA9C278D-41B3-4F3C-B9A7-706CCFBF17C9}.Release|Any CPU.ActiveCfg = Release|Any CPU
		{BA9C278D-41B3-4F3C-B9A7-706CCFBF17C9}.Release|Any CPU.Build.0 = Release|Any CPU
	EndGlobalSection
	GlobalSection(SolutionProperties) = preSolution
		HideSolutionNode = FALSE
	EndGlobalSection
	GlobalSection(ExtensibilityGlobals) = postSolution
		SolutionGuid = {612119B0-1F73-4F79-BCAA-3B1671BBE4D2}
	EndGlobalSection
EndGlobal
